
Microsoft Visual Studio Solution File, Format Version 12.00
# Visual Studio Version 17
VisualStudioVersion = 17.8.34004.107
MinimumVisualStudioVersion = 10.0.40219.1
Project("{9A19103F-16F7-4668-BE54-9A1E7A4F7556}") = "ILibrary_BuyBooksOnline", "ILibrary_BuyBooksOnline.csproj", "{C2BBD8E7-EAA1-4987-B377-87F09B5807D9}"
EndProject
Global
	GlobalSection(SolutionConfigurationPlatforms) = preSolution
		Debug|Any CPU = Debug|Any CPU
		Release|Any CPU = Release|Any CPU
	EndGlobalSection
	GlobalSection(ProjectConfigurationPlatforms) = postSolution
		{C2BBD8E7-EAA1-4987-B377-87F09B5807D9}.Debug|Any CPU.ActiveCfg = Debug|Any CPU
		{C2BBD8E7-EAA1-4987-B377-87F09B5807D9}.Debug|Any CPU.Build.0 = Debug|Any CPU
		{C2BBD8E7-EAA1-4987-B377-87F09B5807D9}.Release|Any CPU.ActiveCfg = Release|Any CPU
		{C2BBD8E7-EAA1-4987-B377-87F09B5807D9}.Release|Any CPU.Build.0 = Release|Any CPU
	EndGlobalSection
	GlobalSection(SolutionProperties) = preSolution
		HideSolutionNode = FALSE
	EndGlobalSection
	GlobalSection(ExtensibilityGlobals) = postSolution
		SolutionGuid = {0EFD1258-3CB9-49B0-9991-A091B9E9EEAE}
	EndGlobalSection
EndGlobal
